
Microsoft Visual Studio Solution File, Format Version 12.00
# Visual Studio Version 16
VisualStudioVersion = 16.0.30717.126
MinimumVisualStudioVersion = 10.0.40219.1
Project("{9A19103F-16F7-4668-BE54-9A1E7A4F7556}") = "FluentCollections", "src\FluentCollections\FluentCollections.csproj", "{3415209E-AB60-41BC-9E57-5807DA7188A4}"
EndProject
Project("{9A19103F-16F7-4668-BE54-9A1E7A4F7556}") = "FluentCollections.Tests", "tests\FluentCollections.Tests\FluentCollections.Tests.csproj", "{955A1BF1-0181-4089-9601-CFD3C06BECE3}"
EndProject
Global
	GlobalSection(SolutionConfigurationPlatforms) = preSolution
		Debug|Any CPU = Debug|Any CPU
		Release|Any CPU = Release|Any CPU
	EndGlobalSection
	GlobalSection(ProjectConfigurationPlatforms) = postSolution
		{3415209E-AB60-41BC-9E57-5807DA7188A4}.Debug|Any CPU.ActiveCfg = Debug|Any CPU
		{3415209E-AB60-41BC-9E57-5807DA7188A4}.Debug|Any CPU.Build.0 = Debug|Any CPU
		{3415209E-AB60-41BC-9E57-5807DA7188A4}.Release|Any CPU.ActiveCfg = Release|Any CPU
		{3415209E-AB60-41BC-9E57-5807DA7188A4}.Release|Any CPU.Build.0 = Release|Any CPU
		{955A1BF1-0181-4089-9601-CFD3C06BECE3}.Debug|Any CPU.ActiveCfg = Debug|Any CPU
		{955A1BF1-0181-4089-9601-CFD3C06BECE3}.Debug|Any CPU.Build.0 = Debug|Any CPU
		{955A1BF1-0181-4089-9601-CFD3C06BECE3}.Release|Any CPU.ActiveCfg = Release|Any CPU
		{955A1BF1-0181-4089-9601-CFD3C06BECE3}.Release|Any CPU.Build.0 = Release|Any CPU
	EndGlobalSection
	GlobalSection(SolutionProperties) = preSolution
		HideSolutionNode = FALSE
	EndGlobalSection
	GlobalSection(ExtensibilityGlobals) = postSolution
		SolutionGuid = {FEB7DD92-7B5B-41F3-8226-FE29D839417A}
	EndGlobalSection
EndGlobal
